<?xml version="1.0" encoding="utf-8"?>
<Project ToolsVersion="4.0" xmlns="http://schemas.microsoft.com/developer/msbuild/2003">
  <ItemGroup>
    <Filter Include="소스 파일">
      <UniqueIdentifier>{4FC737F1-C7A5-4376-A066-2A32D752A2FF}</UniqueIdentifier>
      <Extensions>cpp;c;cc;cxx;c++;cppm;ixx;def;odl;idl;hpj;bat;asm;asmx</Extensions>
    </Filter>
    <Filter Include="헤더 파일">
      <UniqueIdentifier>{93995380-89BD-4b04-88EB-625FBE52EBFB}</UniqueIdentifier>
      <Extensions>h;hh;hpp;hxx;h++;hm;inl;inc;ipp;xsd</Extensions>
    </Filter>
    <Filter Include="리소스 파일">
      <UniqueIdentifier>{67DA6AB6-F800-4c08-8B7A-83BB121AAD01}</UniqueIdentifier>
      <Extensions>rc;ico;cur;bmp;dlg;rc2;rct;bin;rgs;gif;jpg;jpeg;jpe;resx;tiff;tif;png;wav;mfcribbon-ms</Extensions>
    </Filter>
  </ItemGroup>
  <ItemGroup>
    <ClCompile Include="main.cpp">
      <Filter>소스 파일</Filter>
    </ClCompile>
    <ClCompile Include="Application.cpp">
      <Filter>소스 파일</Filter>
    </ClCompile>
    <ClCompile Include="InputModule.cpp">
      <Filter>소스 파일</Filter>
    </ClCompile>
    <ClCompile Include="BaseRenderModule.cpp">
      <Filter>소스 파일</Filter>
    </ClCompile>
    <ClCompile Include="CustomRenderModule.cpp">
      <Filter>소스 파일</Filter>
    </ClCompile>
    <ClCompile Include="RenderingLibrary.cpp">
      <Filter>소스 파일</Filter>
    </ClCompile>
    <ClCompile Include="BaseRenderingObject.cpp">
      <Filter>소스 파일</Filter>
    </ClCompile>
    <ClCompile Include="ImGUIRenderSubModule.cpp">
      <Filter>소스 파일</Filter>
    </ClCompile>
    <ClCompile Include="ImageFilter.cpp">
      <Filter>소스 파일</Filter>
    </ClCompile>
    <ClCompile Include="SeaImageFilter.cpp">
      <Filter>소스 파일</Filter>
    </ClCompile>
    <ClCompile Include="FBXRenderingObject.cpp">
      <Filter>소스 파일</Filter>
    </ClCompile>
    <ClCompile Include="SkyBoxRenderingObject.cpp">
      <Filter>소스 파일</Filter>
    </ClCompile>
    <ClCompile Include="DefaultRenderingObject.cpp">
      <Filter>소스 파일</Filter>
    </ClCompile>
    <ClCompile Include="Camera.cpp">
      <Filter>소스 파일</Filter>
    </ClCompile>
  </ItemGroup>
  <ItemGroup>
    <ClInclude Include="Application.h">
      <Filter>헤더 파일</Filter>
    </ClInclude>
    <ClInclude Include="InputModule.h">
      <Filter>헤더 파일</Filter>
    </ClInclude>
    <ClInclude Include="Define.h">
      <Filter>헤더 파일</Filter>
    </ClInclude>
    <ClInclude Include="BaseRenderModule.h">
      <Filter>헤더 파일</Filter>
    </ClInclude>
    <ClInclude Include="CustomRenderModule.h">
      <Filter>헤더 파일</Filter>
    </ClInclude>
    <ClInclude Include="RenderingLibrary.h">
      <Filter>헤더 파일</Filter>
    </ClInclude>
    <ClInclude Include="ImGUIRenderSubModule.h">
      <Filter>헤더 파일</Filter>
    </ClInclude>
    <ClInclude Include="ImageFilter.h">
      <Filter>헤더 파일</Filter>
    </ClInclude>
    <ClInclude Include="SeaImageFilter.h">
      <Filter>헤더 파일</Filter>
    </ClInclude>
    <ClInclude Include="FBXRenderingObject.h">
      <Filter>헤더 파일</Filter>
    </ClInclude>
    <ClInclude Include="SkyBoxRenderingObject.h">
      <Filter>헤더 파일</Filter>
    </ClInclude>
    <ClInclude Include="DefaultRenderingObject.h">
      <Filter>헤더 파일</Filter>
    </ClInclude>
    <ClInclude Include="Camera.h">
      <Filter>헤더 파일</Filter>
    </ClInclude>
    <ClInclude Include="BaseRenderingObject.h">
      <Filter>헤더 파일</Filter>
    </ClInclude>
  </ItemGroup>
  <ItemGroup>
    <FxCompile Include="Shaders\Grid\PixelShaderGridDraw.hlsl" />
    <FxCompile Include="Shaders\Grid\VertexShaderGridWave.hlsl" />
    <FxCompile Include="Shaders\Normal\PixelShaderNormal.hlsl" />
    <FxCompile Include="Shaders\Cylinder\PixelShaderCylinder.hlsl" />
    <FxCompile Include="Shaders\Subdiv\PixelShaderSubdivision.hlsl" />
    <FxCompile Include="Shaders\Subdiv\VertexShaderSubdivision.hlsl" />
    <FxCompile Include="Shaders\Skybox\VertexShaderSkybox.hlsl" />
    <FxCompile Include="Shaders\Skybox\PixelShaderSkybox.hlsl" />
    <FxCompile Include="Shaders\ImageFilters\Base\ImageVertexShader.hlsl" />
    <FxCompile Include="Shaders\ImageFilters\Base\ImagePixelShader.hlsl" />
    <FxCompile Include="Shaders\ImageFilters\Blur\BlurXPixelShader.hlsl" />
    <FxCompile Include="Shaders\ImageFilters\Blur\BlurYPixelShader.hlsl" />
    <FxCompile Include="Shaders\ImageFilters\ShaderToy\SeaPixelShader.hlsl" />
    <FxCompile Include="Shaders\Lit\LitPixelShader.hlsl" />
    <FxCompile Include="Shaders\Lit\LitVertexShader.hlsl" />
  </ItemGroup>
  <ItemGroup>
    <None Include="Shaders\Cores\Core.hlsli" />
    <None Include="Shaders\Cores\VSHeader.hlsli" />
    <None Include="Shaders\ImageFilters\Base\ImageFilterHeader.hlsli" />
  </ItemGroup>
</Project>